{
  "name": "p10",
  "lockfileVersion": 3,
  "requires": true,
  "packages": {
    "": {
      "dependencies": {
        "prime": "file:../p7"
      }
    },
    "../p7": {
      "version": "1.0.0",
      "license": "ISC"
    },
    "node_modules/prime": {
      "resolved": "../p7",
      "link": true
    }
  }
}
